
Microsoft Visual Studio Solution File, Format Version 12.00
# Visual Studio Version 17
VisualStudioVersion = 17.8.34408.163
MinimumVisualStudioVersion = 10.0.40219.1
Project("{FAE04EC0-301F-11D3-BF4B-00C04F79EFBC}") = "WinFormsApp1", "WinFormsApp1\WinFormsApp1.csproj", "{E14A9757-79D4-42F8-A276-0DBF3EC411FB}"
EndProject
Global
	GlobalSection(SolutionConfigurationPlatforms) = preSolution
		Debug|Any CPU = Debug|Any CPU
		Release|Any CPU = Release|Any CPU
	EndGlobalSection
	GlobalSection(ProjectConfigurationPlatforms) = postSolution
		{E14A9757-79D4-42F8-A276-0DBF3EC411FB}.Debug|Any CPU.ActiveCfg = Debug|Any CPU
		{E14A9757-79D4-42F8-A276-0DBF3EC411FB}.Debug|Any CPU.Build.0 = Debug|Any CPU
		{E14A9757-79D4-42F8-A276-0DBF3EC411FB}.Release|Any CPU.ActiveCfg = Release|Any CPU
		{E14A9757-79D4-42F8-A276-0DBF3EC411FB}.Release|Any CPU.Build.0 = Release|Any CPU
	EndGlobalSection
	GlobalSection(SolutionProperties) = preSolution
		HideSolutionNode = FALSE
	EndGlobalSection
	GlobalSection(ExtensibilityGlobals) = postSolution
		SolutionGuid = {C510E2C4-4F4C-463E-B4F9-12A2F5E99982}
	EndGlobalSection
EndGlobal
